
Microsoft Visual Studio Solution File, Format Version 12.00
# Visual Studio 14
VisualStudioVersion = 14.0.25420.1
MinimumVisualStudioVersion = 10.0.40219.1
Project("{FAE04EC0-301F-11D3-BF4B-00C04F79EFBC}") = "ResizeAdorner", "ResizeAdorner\ResizeAdorner.csproj", "{409FA338-86CB-4A74-9325-B193C0BB29CD}"
EndProject
Project("{2150E333-8FDC-42A3-9474-1A3956D46DE8}") = "Solution Items", "Solution Items", "{CBB76B77-FFBB-4155-B93E-93A8F7715254}"
	ProjectSection(SolutionItems) = preProject
		NixNotes.md = NixNotes.md
	EndProjectSection
EndProject
Global
	GlobalSection(SolutionConfigurationPlatforms) = preSolution
		Debug|Any CPU = Debug|Any CPU
		Release|Any CPU = Release|Any CPU
	EndGlobalSection
	GlobalSection(ProjectConfigurationPlatforms) = postSolution
		{409FA338-86CB-4A74-9325-B193C0BB29CD}.Debug|Any CPU.ActiveCfg = Debug|Any CPU
		{409FA338-86CB-4A74-9325-B193C0BB29CD}.Debug|Any CPU.Build.0 = Debug|Any CPU
		{409FA338-86CB-4A74-9325-B193C0BB29CD}.Release|Any CPU.ActiveCfg = Release|Any CPU
		{409FA338-86CB-4A74-9325-B193C0BB29CD}.Release|Any CPU.Build.0 = Release|Any CPU
	EndGlobalSection
	GlobalSection(SolutionProperties) = preSolution
		HideSolutionNode = FALSE
	EndGlobalSection
EndGlobal
